# This file is autogenerated, do not edit; changes may be undone by the next 'dep ensure'.


[[projects]]
  branch = "master"
  name = "github.com/PagerDuty/go-pagerduty"
  packages = ["."]
  revision = "de4e7fb97cd2df219a2a8f80ac8d5ffc16c5282f"
  source = "https://github.com/belimawr/go-pagerduty.git"

[[projects]]
  name = "github.com/caarlos0/env"
  packages = ["."]
  revision = "1cddc31c48c56ecd700d873edb9fd5b6f5df922a"
  version = "v3.3.0"

[[projects]]
  branch = "master"
  name = "github.com/google/go-querystring"
  packages = ["query"]
  revision = "53e6ce116135b80d037921a7fdd5138cf32d7a8a"

[[projects]]
  name = "github.com/pkg/errors"
  packages = ["."]
  revision = "645ef00459ed84a119197bfb8d8205042c6df63d"
  version = "v0.8.0"

[[projects]]
  name = "github.com/rs/zerolog"
  packages = [
    ".",
    "internal/cbor",
    "internal/json"
  ]
  revision = "05eafee0eb17d0150591a8f30f0fa592cc9b7471"
  version = "v1.6.0"

[solve-meta]
  analyzer-name = "dep"
  analyzer-version = 1
  inputs-digest = "f0359f42d6f07424eba43f7fe7bbc477ee1b26fabcc61c50a13f59efad607f42"
  solver-name = "gps-cdcl"
  solver-version = 1
